
Microsoft Visual Studio Solution File, Format Version 12.00
# Visual Studio Version 17
VisualStudioVersion = 17.14.36511.14
MinimumVisualStudioVersion = 10.0.40219.1
Project("{FAE04EC0-301F-11D3-BF4B-00C04F79EFBC}") = "Api", "api\Api.csproj", "{A17BFF1B-ECA7-3A44-A155-244B1ACC1FDF}"
EndProject
Global
	GlobalSection(SolutionConfigurationPlatforms) = preSolution
		Debug|Any CPU = Debug|Any CPU
		Release|Any CPU = Release|Any CPU
	EndGlobalSection
	GlobalSection(ProjectConfigurationPlatforms) = postSolution
		{A17BFF1B-ECA7-3A44-A155-244B1ACC1FDF}.Debug|Any CPU.ActiveCfg = Debug|Any CPU
		{A17BFF1B-ECA7-3A44-A155-244B1ACC1FDF}.Debug|Any CPU.Build.0 = Debug|Any CPU
		{A17BFF1B-ECA7-3A44-A155-244B1ACC1FDF}.Release|Any CPU.ActiveCfg = Release|Any CPU
		{A17BFF1B-ECA7-3A44-A155-244B1ACC1FDF}.Release|Any CPU.Build.0 = Release|Any CPU
	EndGlobalSection
	GlobalSection(SolutionProperties) = preSolution
		HideSolutionNode = FALSE
	EndGlobalSection
	GlobalSection(ExtensibilityGlobals) = postSolution
		SolutionGuid = {038FEB9E-5542-448F-9B4C-96766625BE3A}
	EndGlobalSection
EndGlobal
